// !$*UTF8*$!
{
	archiveVersion = 1;
	classes = {
	};
	objectVersion = 46;
	objects = {

/* Begin PBXBuildFile section */
		227912941BB47EF9006C6C60 /* CardGame.swift in Sources */ = {isa = PBXBuildFile; fileRef = 227912931BB47EF9006C6C60 /* CardGame.swift */; settings = {ASSET_TAGS = (); }; };
		227912961BB47F5C006C6C60 /* Solitaire.swift in Sources */ = {isa = PBXBuildFile; fileRef = 227912951BB47F5C006C6C60 /* Solitaire.swift */; settings = {ASSET_TAGS = (); }; };
		229EB7B81BBB78E400ECE5B5 /* SpriteKit.framework in Frameworks */ = {isa = PBXBuildFile; fileRef = 229EB7B71BBB78E400ECE5B5 /* SpriteKit.framework */; };
		D52F99801BDE5F0F008AB55B /* MenuSplitViewController.swift in Sources */ = {isa = PBXBuildFile; fileRef = D52F997F1BDE5F0F008AB55B /* MenuSplitViewController.swift */; settings = {ASSET_TAGS = (); }; };
		D54C89791BAD9527007AEB7E /* AppDelegate.swift in Sources */ = {isa = PBXBuildFile; fileRef = D54C89781BAD9527007AEB7E /* AppDelegate.swift */; };
		D54C897B1BAD9527007AEB7E /* ViewController.swift in Sources */ = {isa = PBXBuildFile; fileRef = D54C897A1BAD9527007AEB7E /* ViewController.swift */; };
		D54C897E1BAD9527007AEB7E /* Main.storyboard in Resources */ = {isa = PBXBuildFile; fileRef = D54C897C1BAD9527007AEB7E /* Main.storyboard */; };
		D54C89801BAD9527007AEB7E /* Assets.xcassets in Resources */ = {isa = PBXBuildFile; fileRef = D54C897F1BAD9527007AEB7E /* Assets.xcassets */; };
		D54C89831BAD9527007AEB7E /* LaunchScreen.storyboard in Resources */ = {isa = PBXBuildFile; fileRef = D54C89811BAD9527007AEB7E /* LaunchScreen.storyboard */; };
		D54C898E1BAD9527007AEB7E /* DeckstravaganzaTests.swift in Sources */ = {isa = PBXBuildFile; fileRef = D54C898D1BAD9527007AEB7E /* DeckstravaganzaTests.swift */; };
		D54C89991BAD9527007AEB7E /* DeckstravaganzaUITests.swift in Sources */ = {isa = PBXBuildFile; fileRef = D54C89981BAD9527007AEB7E /* DeckstravaganzaUITests.swift */; };
		D56CC3CA1BAF019900E6A9BC /* Card.swift in Sources */ = {isa = PBXBuildFile; fileRef = D56CC3C91BAF019900E6A9BC /* Card.swift */; settings = {ASSET_TAGS = (); }; };
		D56CC3CC1BAF135200E6A9BC /* Pile.swift in Sources */ = {isa = PBXBuildFile; fileRef = D56CC3CB1BAF135200E6A9BC /* Pile.swift */; settings = {ASSET_TAGS = (); }; };
		D56CC3CE1BB037E000E6A9BC /* StackPile.swift in Sources */ = {isa = PBXBuildFile; fileRef = D56CC3CD1BB037E000E6A9BC /* StackPile.swift */; settings = {ASSET_TAGS = (); }; };
		D56CC3D01BB03E8200E6A9BC /* QueuePile.swift in Sources */ = {isa = PBXBuildFile; fileRef = D56CC3CF1BB03E8200E6A9BC /* QueuePile.swift */; settings = {ASSET_TAGS = (); }; };
		D5A0C80F1BC2E46900CE8A60 /* GameSceneViewController.swift in Sources */ = {isa = PBXBuildFile; fileRef = D5A0C80D1BC2E46900CE8A60 /* GameSceneViewController.swift */; settings = {ASSET_TAGS = (); }; };
		D5A0C8101BC2E46900CE8A60 /* SolitaireScene.swift in Sources */ = {isa = PBXBuildFile; fileRef = D5A0C80E1BC2E46900CE8A60 /* SolitaireScene.swift */; settings = {ASSET_TAGS = (); }; };
		D5DC30701BB97702001C4F58 /* Deck.swift in Sources */ = {isa = PBXBuildFile; fileRef = D5DC306F1BB97702001C4F58 /* Deck.swift */; settings = {ASSET_TAGS = (); }; };
		D5DC30B01BB99308001C4F58 /* Rummy.swift in Sources */ = {isa = PBXBuildFile; fileRef = D5DC30AF1BB99308001C4F58 /* Rummy.swift */; settings = {ASSET_TAGS = (); }; };
		DC5B897C1BC2F2D700F751FB /* GameScene.sks in Resources */ = {isa = PBXBuildFile; fileRef = DC5B897B1BC2F2D700F751FB /* GameScene.sks */; settings = {ASSET_TAGS = (); }; };
		DCA2FB7C1BB993CA007695E0 /* MasterViewController.swift in Sources */ = {isa = PBXBuildFile; fileRef = DCA2FB7B1BB993CA007695E0 /* MasterViewController.swift */; settings = {ASSET_TAGS = (); }; };
		DCA2FB7E1BB9957D007695E0 /* DetailViewController.swift in Sources */ = {isa = PBXBuildFile; fileRef = DCA2FB7D1BB9957D007695E0 /* DetailViewController.swift */; settings = {ASSET_TAGS = (); }; };
		DCA2FB821BB9AC71007695E0 /* Menu.swift in Sources */ = {isa = PBXBuildFile; fileRef = DCA2FB811BB9AC71007695E0 /* Menu.swift */; settings = {ASSET_TAGS = (); }; };
/* End PBXBuildFile section */

/* Begin PBXContainerItemProxy section */
		D54C898A1BAD9527007AEB7E /* PBXContainerItemProxy */ = {
			isa = PBXContainerItemProxy;
			containerPortal = D54C896D1BAD9526007AEB7E /* Project object */;
			proxyType = 1;
			remoteGlobalIDString = D54C89741BAD9527007AEB7E;
			remoteInfo = Deckstravaganza;
		};
		D54C89951BAD9527007AEB7E /* PBXContainerItemProxy */ = {
			isa = PBXContainerItemProxy;
			containerPortal = D54C896D1BAD9526007AEB7E /* Project object */;
			proxyType = 1;
			remoteGlobalIDString = D54C89741BAD9527007AEB7E;
			remoteInfo = Deckstravaganza;
		};
/* End PBXContainerItemProxy section */

/* Begin PBXFileReference section */
		227912931BB47EF9006C6C60 /* CardGame.swift */ = {isa = PBXFileReference; fileEncoding = 4; lastKnownFileType = sourcecode.swift; path = CardGame.swift; sourceTree = "<group>"; };
		227912951BB47F5C006C6C60 /* Solitaire.swift */ = {isa = PBXFileReference; fileEncoding = 4; lastKnownFileType = sourcecode.swift; path = Solitaire.swift; sourceTree = "<group>"; };
		229EB7B71BBB78E400ECE5B5 /* SpriteKit.framework */ = {isa = PBXFileReference; lastKnownFileType = wrapper.framework; name = SpriteKit.framework; path = System/Library/Frameworks/SpriteKit.framework; sourceTree = SDKROOT; };
		D52F997F1BDE5F0F008AB55B /* MenuSplitViewController.swift */ = {isa = PBXFileReference; fileEncoding = 4; lastKnownFileType = sourcecode.swift; path = MenuSplitViewController.swift; sourceTree = "<group>"; };
		D54C89751BAD9527007AEB7E /* Deckstravaganza.app */ = {isa = PBXFileReference; explicitFileType = wrapper.application; includeInIndex = 0; path = Deckstravaganza.app; sourceTree = BUILT_PRODUCTS_DIR; };
		D54C89781BAD9527007AEB7E /* AppDelegate.swift */ = {isa = PBXFileReference; lastKnownFileType = sourcecode.swift; path = AppDelegate.swift; sourceTree = "<group>"; };
		D54C897A1BAD9527007AEB7E /* ViewController.swift */ = {isa = PBXFileReference; lastKnownFileType = sourcecode.swift; path = ViewController.swift; sourceTree = "<group>"; };
		D54C897D1BAD9527007AEB7E /* Base */ = {isa = PBXFileReference; lastKnownFileType = file.storyboard; name = Base; path = Base.lproj/Main.storyboard; sourceTree = "<group>"; };
		D54C897F1BAD9527007AEB7E /* Assets.xcassets */ = {isa = PBXFileReference; lastKnownFileType = folder.assetcatalog; path = Assets.xcassets; sourceTree = "<group>"; };
		D54C89821BAD9527007AEB7E /* Base */ = {isa = PBXFileReference; lastKnownFileType = file.storyboard; name = Base; path = Base.lproj/LaunchScreen.storyboard; sourceTree = "<group>"; };
		D54C89841BAD9527007AEB7E /* Info.plist */ = {isa = PBXFileReference; lastKnownFileType = text.plist.xml; path = Info.plist; sourceTree = "<group>"; };
		D54C89891BAD9527007AEB7E /* DeckstravaganzaTests.xctest */ = {isa = PBXFileReference; explicitFileType = wrapper.cfbundle; includeInIndex = 0; path = DeckstravaganzaTests.xctest; sourceTree = BUILT_PRODUCTS_DIR; };
		D54C898D1BAD9527007AEB7E /* DeckstravaganzaTests.swift */ = {isa = PBXFileReference; lastKnownFileType = sourcecode.swift; path = DeckstravaganzaTests.swift; sourceTree = "<group>"; };
		D54C898F1BAD9527007AEB7E /* Info.plist */ = {isa = PBXFileReference; lastKnownFileType = text.plist.xml; path = Info.plist; sourceTree = "<group>"; };
		D54C89941BAD9527007AEB7E /* DeckstravaganzaUITests.xctest */ = {isa = PBXFileReference; explicitFileType = wrapper.cfbundle; includeInIndex = 0; path = DeckstravaganzaUITests.xctest; sourceTree = BUILT_PRODUCTS_DIR; };
		D54C89981BAD9527007AEB7E /* DeckstravaganzaUITests.swift */ = {isa = PBXFileReference; lastKnownFileType = sourcecode.swift; path = DeckstravaganzaUITests.swift; sourceTree = "<group>"; };
		D54C899A1BAD9527007AEB7E /* Info.plist */ = {isa = PBXFileReference; lastKnownFileType = text.plist.xml; path = Info.plist; sourceTree = "<group>"; };
		D56CC3C91BAF019900E6A9BC /* Card.swift */ = {isa = PBXFileReference; fileEncoding = 4; lastKnownFileType = sourcecode.swift; path = Card.swift; sourceTree = "<group>"; };
		D56CC3CB1BAF135200E6A9BC /* Pile.swift */ = {isa = PBXFileReference; fileEncoding = 4; lastKnownFileType = sourcecode.swift; path = Pile.swift; sourceTree = "<group>"; };
		D56CC3CD1BB037E000E6A9BC /* StackPile.swift */ = {isa = PBXFileReference; fileEncoding = 4; lastKnownFileType = sourcecode.swift; path = StackPile.swift; sourceTree = "<group>"; };
		D56CC3CF1BB03E8200E6A9BC /* QueuePile.swift */ = {isa = PBXFileReference; fileEncoding = 4; lastKnownFileType = sourcecode.swift; path = QueuePile.swift; sourceTree = "<group>"; };
		D5A0C80D1BC2E46900CE8A60 /* GameSceneViewController.swift */ = {isa = PBXFileReference; fileEncoding = 4; lastKnownFileType = sourcecode.swift; path = GameSceneViewController.swift; sourceTree = "<group>"; };
		D5A0C80E1BC2E46900CE8A60 /* SolitaireScene.swift */ = {isa = PBXFileReference; fileEncoding = 4; lastKnownFileType = sourcecode.swift; path = SolitaireScene.swift; sourceTree = "<group>"; };
		D5DC306F1BB97702001C4F58 /* Deck.swift */ = {isa = PBXFileReference; fileEncoding = 4; lastKnownFileType = sourcecode.swift; path = Deck.swift; sourceTree = "<group>"; };
		D5DC30AF1BB99308001C4F58 /* Rummy.swift */ = {isa = PBXFileReference; fileEncoding = 4; lastKnownFileType = sourcecode.swift; path = Rummy.swift; sourceTree = "<group>"; };
		DC5B897B1BC2F2D700F751FB /* GameScene.sks */ = {isa = PBXFileReference; lastKnownFileType = file.sks; path = GameScene.sks; sourceTree = "<group>"; };
		DCA2FB7B1BB993CA007695E0 /* MasterViewController.swift */ = {isa = PBXFileReference; fileEncoding = 4; lastKnownFileType = sourcecode.swift; path = MasterViewController.swift; sourceTree = "<group>"; };
		DCA2FB7D1BB9957D007695E0 /* DetailViewController.swift */ = {isa = PBXFileReference; fileEncoding = 4; lastKnownFileType = sourcecode.swift; path = DetailViewController.swift; sourceTree = "<group>"; };
		DCA2FB811BB9AC71007695E0 /* Menu.swift */ = {isa = PBXFileReference; fileEncoding = 4; lastKnownFileType = sourcecode.swift; name = Menu.swift; path = ../Menu.swift; sourceTree = "<group>"; };
/* End PBXFileReference section */

/* Begin PBXFrameworksBuildPhase section */
		D54C89721BAD9527007AEB7E /* Frameworks */ = {
			isa = PBXFrameworksBuildPhase;
			buildActionMask = 2147483647;
			files = (
				229EB7B81BBB78E400ECE5B5 /* SpriteKit.framework in Frameworks */,
			);
			runOnlyForDeploymentPostprocessing = 0;
		};
		D54C89861BAD9527007AEB7E /* Frameworks */ = {
			isa = PBXFrameworksBuildPhase;
			buildActionMask = 2147483647;
			files = (
			);
			runOnlyForDeploymentPostprocessing = 0;
		};
		D54C89911BAD9527007AEB7E /* Frameworks */ = {
			isa = PBXFrameworksBuildPhase;
			buildActionMask = 2147483647;
			files = (
			);
			runOnlyForDeploymentPostprocessing = 0;
		};
/* End PBXFrameworksBuildPhase section */

/* Begin PBXGroup section */
		22180D581BD54053001B3377 /* Solitaire */ = {
			isa = PBXGroup;
			children = (
				227912951BB47F5C006C6C60 /* Solitaire.swift */,
				D5A0C80E1BC2E46900CE8A60 /* SolitaireScene.swift */,
			);
			name = Solitaire;
			sourceTree = "<group>";
		};
		4614236B1BC5E793001327E7 /* Game Elements */ = {
			isa = PBXGroup;
			children = (
				D5A0C80D1BC2E46900CE8A60 /* GameSceneViewController.swift */,
				227912931BB47EF9006C6C60 /* CardGame.swift */,
				22180D581BD54053001B3377 /* Solitaire */,
				D5DC30AF1BB99308001C4F58 /* Rummy.swift */,
			);
			name = "Game Elements";
			sourceTree = "<group>";
		};
		4614236C1BC5E7A4001327E7 /* Card Elements */ = {
			isa = PBXGroup;
			children = (
				D56CC3C91BAF019900E6A9BC /* Card.swift */,
				D5DC306F1BB97702001C4F58 /* Deck.swift */,
				D56CC3CB1BAF135200E6A9BC /* Pile.swift */,
				D56CC3CF1BB03E8200E6A9BC /* QueuePile.swift */,
				D56CC3CD1BB037E000E6A9BC /* StackPile.swift */,
			);
			name = "Card Elements";
			sourceTree = "<group>";
		};
		D54C896C1BAD9526007AEB7E = {
			isa = PBXGroup;
			children = (
				D54C89771BAD9527007AEB7E /* Deckstravaganza */,
				D54C898C1BAD9527007AEB7E /* DeckstravaganzaTests */,
				D54C89971BAD9527007AEB7E /* DeckstravaganzaUITests */,
				D54C89761BAD9527007AEB7E /* Products */,
				229EB7B71BBB78E400ECE5B5 /* SpriteKit.framework */,
			);
			sourceTree = "<group>";
		};
		D54C89761BAD9527007AEB7E /* Products */ = {
			isa = PBXGroup;
			children = (
				D54C89751BAD9527007AEB7E /* Deckstravaganza.app */,
				D54C89891BAD9527007AEB7E /* DeckstravaganzaTests.xctest */,
				D54C89941BAD9527007AEB7E /* DeckstravaganzaUITests.xctest */,
			);
			name = Products;
			sourceTree = "<group>";
		};
		D54C89771BAD9527007AEB7E /* Deckstravaganza */ = {
			isa = PBXGroup;
			children = (
				4614236B1BC5E793001327E7 /* Game Elements */,
				4614236C1BC5E7A4001327E7 /* Card Elements */,
				D54C897A1BAD9527007AEB7E /* ViewController.swift */,
				D54C89781BAD9527007AEB7E /* AppDelegate.swift */,
				D54C897C1BAD9527007AEB7E /* Main.storyboard */,
				D52F997F1BDE5F0F008AB55B /* MenuSplitViewController.swift */,
				DC5B897B1BC2F2D700F751FB /* GameScene.sks */,
				DCA2FB811BB9AC71007695E0 /* Menu.swift */,
				DCA2FB7B1BB993CA007695E0 /* MasterViewController.swift */,
				DCA2FB7D1BB9957D007695E0 /* DetailViewController.swift */,
				D54C897F1BAD9527007AEB7E /* Assets.xcassets */,
				D54C89811BAD9527007AEB7E /* LaunchScreen.storyboard */,
				D54C89841BAD9527007AEB7E /* Info.plist */,
			);
			path = Deckstravaganza;
			sourceTree = "<group>";
		};
		D54C898C1BAD9527007AEB7E /* DeckstravaganzaTests */ = {
			isa = PBXGroup;
			children = (
				D54C898D1BAD9527007AEB7E /* DeckstravaganzaTests.swift */,
				D54C898F1BAD9527007AEB7E /* Info.plist */,
			);
			path = DeckstravaganzaTests;
			sourceTree = "<group>";
		};
		D54C89971BAD9527007AEB7E /* DeckstravaganzaUITests */ = {
			isa = PBXGroup;
			children = (
				D54C89981BAD9527007AEB7E /* DeckstravaganzaUITests.swift */,
				D54C899A1BAD9527007AEB7E /* Info.plist */,
			);
			path = DeckstravaganzaUITests;
			sourceTree = "<group>";
		};
/* End PBXGroup section */

/* Begin PBXNativeTarget section */
		D54C89741BAD9527007AEB7E /* Deckstravaganza */ = {
			isa = PBXNativeTarget;
			buildConfigurationList = D54C899D1BAD9527007AEB7E /* Build configuration list for PBXNativeTarget "Deckstravaganza" */;
			buildPhases = (
				D54C89711BAD9527007AEB7E /* Sources */,
				D54C89721BAD9527007AEB7E /* Frameworks */,
				D54C89731BAD9527007AEB7E /* Resources */,
			);
			buildRules = (
			);
			dependencies = (
			);
			name = Deckstravaganza;
			productName = Deckstravaganza;
			productReference = D54C89751BAD9527007AEB7E /* Deckstravaganza.app */;
			productType = "com.apple.product-type.application";
		};
		D54C89881BAD9527007AEB7E /* DeckstravaganzaTests */ = {
			isa = PBXNativeTarget;
			buildConfigurationList = D54C89A01BAD9527007AEB7E /* Build configuration list for PBXNativeTarget "DeckstravaganzaTests" */;
			buildPhases = (
				D54C89851BAD9527007AEB7E /* Sources */,
				D54C89861BAD9527007AEB7E /* Frameworks */,
				D54C89871BAD9527007AEB7E /* Resources */,
			);
			buildRules = (
			);
			dependencies = (
				D54C898B1BAD9527007AEB7E /* PBXTargetDependency */,
			);
			name = DeckstravaganzaTests;
			productName = DeckstravaganzaTests;
			productReference = D54C89891BAD9527007AEB7E /* DeckstravaganzaTests.xctest */;
			productType = "com.apple.product-type.bundle.unit-test";
		};
		D54C89931BAD9527007AEB7E /* DeckstravaganzaUITests */ = {
			isa = PBXNativeTarget;
			buildConfigurationList = D54C89A31BAD9527007AEB7E /* Build configuration list for PBXNativeTarget "DeckstravaganzaUITests" */;
			buildPhases = (
				D54C89901BAD9527007AEB7E /* Sources */,
				D54C89911BAD9527007AEB7E /* Frameworks */,
				D54C89921BAD9527007AEB7E /* Resources */,
			);
			buildRules = (
			);
			dependencies = (
				D54C89961BAD9527007AEB7E /* PBXTargetDependency */,
			);
			name = DeckstravaganzaUITests;
			productName = DeckstravaganzaUITests;
			productReference = D54C89941BAD9527007AEB7E /* DeckstravaganzaUITests.xctest */;
			productType = "com.apple.product-type.bundle.ui-testing";
		};
/* End PBXNativeTarget section */

/* Begin PBXProject section */
		D54C896D1BAD9526007AEB7E /* Project object */ = {
			isa = PBXProject;
			attributes = {
				LastUpgradeCheck = 0700;
				ORGANIZATIONNAME = "University of Florida";
				TargetAttributes = {
					D54C89741BAD9527007AEB7E = {
						CreatedOnToolsVersion = 7.0;
						DevelopmentTeam = KW4T445FBD;
					};
					D54C89881BAD9527007AEB7E = {
						CreatedOnToolsVersion = 7.0;
						DevelopmentTeam = KW4T445FBD;
						TestTargetID = D54C89741BAD9527007AEB7E;
					};
					D54C89931BAD9527007AEB7E = {
						CreatedOnToolsVersion = 7.0;
						DevelopmentTeam = KW4T445FBD;
						TestTargetID = D54C89741BAD9527007AEB7E;
					};
				};
			};
			buildConfigurationList = D54C89701BAD9527007AEB7E /* Build configuration list for PBXProject "Deckstravaganza" */;
			compatibilityVersion = "Xcode 3.2";
			developmentRegion = English;
			hasScannedForEncodings = 0;
			knownRegions = (
				en,
				Base,
			);
			mainGroup = D54C896C1BAD9526007AEB7E;
			productRefGroup = D54C89761BAD9527007AEB7E /* Products */;
			projectDirPath = "";
			projectRoot = "";
			targets = (
				D54C89741BAD9527007AEB7E /* Deckstravaganza */,
				D54C89881BAD9527007AEB7E /* DeckstravaganzaTests */,
				D54C89931BAD9527007AEB7E /* DeckstravaganzaUITests */,
			);
		};
/* End PBXProject section */

/* Begin PBXResourcesBuildPhase section */
		D54C89731BAD9527007AEB7E /* Resources */ = {
			isa = PBXResourcesBuildPhase;
			buildActionMask = 2147483647;
			files = (
				DC5B897C1BC2F2D700F751FB /* GameScene.sks in Resources */,
				D54C89831BAD9527007AEB7E /* LaunchScreen.storyboard in Resources */,
				D54C89801BAD9527007AEB7E /* Assets.xcassets in Resources */,
				D54C897E1BAD9527007AEB7E /* Main.storyboard in Resources */,
			);
			runOnlyForDeploymentPostprocessing = 0;
		};
		D54C89871BAD9527007AEB7E /* Resources */ = {
			isa = PBXResourcesBuildPhase;
			buildActionMask = 2147483647;
			files = (
			);
			runOnlyForDeploymentPostprocessing = 0;
		};
		D54C89921BAD9527007AEB7E /* Resources */ = {
			isa = PBXResourcesBuildPhase;
			buildActionMask = 2147483647;
			files = (
			);
			runOnlyForDeploymentPostprocessing = 0;
		};
/* End PBXResourcesBuildPhase section */

/* Begin PBXSourcesBuildPhase section */
		D54C89711BAD9527007AEB7E /* Sources */ = {
			isa = PBXSourcesBuildPhase;
			buildActionMask = 2147483647;
			files = (
				D5DC30701BB97702001C4F58 /* Deck.swift in Sources */,
				D54C897B1BAD9527007AEB7E /* ViewController.swift in Sources */,
				D56CC3D01BB03E8200E6A9BC /* QueuePile.swift in Sources */,
				D5A0C80F1BC2E46900CE8A60 /* GameSceneViewController.swift in Sources */,
				227912941BB47EF9006C6C60 /* CardGame.swift in Sources */,
				D56CC3CA1BAF019900E6A9BC /* Card.swift in Sources */,
				227912961BB47F5C006C6C60 /* Solitaire.swift in Sources */,
				DCA2FB821BB9AC71007695E0 /* Menu.swift in Sources */,
				D52F99801BDE5F0F008AB55B /* MenuSplitViewController.swift in Sources */,
				DCA2FB7C1BB993CA007695E0 /* MasterViewController.swift in Sources */,
				D5DC30B01BB99308001C4F58 /* Rummy.swift in Sources */,
				D54C89791BAD9527007AEB7E /* AppDelegate.swift in Sources */,
				DCA2FB7E1BB9957D007695E0 /* DetailViewController.swift in Sources */,
				D56CC3CC1BAF135200E6A9BC /* Pile.swift in Sources */,
				D56CC3CE1BB037E000E6A9BC /* StackPile.swift in Sources */,
				D5A0C8101BC2E46900CE8A60 /* SolitaireScene.swift in Sources */,
			);
			runOnlyForDeploymentPostprocessing = 0;
		};
		D54C89851BAD9527007AEB7E /* Sources */ = {
			isa = PBXSourcesBuildPhase;
			buildActionMask = 2147483647;
			files = (
				D54C898E1BAD9527007AEB7E /* DeckstravaganzaTests.swift in Sources */,
			);
			runOnlyForDeploymentPostprocessing = 0;
		};
		D54C89901BAD9527007AEB7E /* Sources */ = {
			isa = PBXSourcesBuildPhase;
			buildActionMask = 2147483647;
			files = (
				D54C89991BAD9527007AEB7E /* DeckstravaganzaUITests.swift in Sources */,
			);
			runOnlyForDeploymentPostprocessing = 0;
		};
/* End PBXSourcesBuildPhase section */

/* Begin PBXTargetDependency section */
		D54C898B1BAD9527007AEB7E /* PBXTargetDependency */ = {
			isa = PBXTargetDependency;
			target = D54C89741BAD9527007AEB7E /* Deckstravaganza */;
			targetProxy = D54C898A1BAD9527007AEB7E /* PBXContainerItemProxy */;
		};
		D54C89961BAD9527007AEB7E /* PBXTargetDependency */ = {
			isa = PBXTargetDependency;
			target = D54C89741BAD9527007AEB7E /* Deckstravaganza */;
			targetProxy = D54C89951BAD9527007AEB7E /* PBXContainerItemProxy */;
		};
/* End PBXTargetDependency section */

/* Begin PBXVariantGroup section */
		D54C897C1BAD9527007AEB7E /* Main.storyboard */ = {
			isa = PBXVariantGroup;
			children = (
				D54C897D1BAD9527007AEB7E /* Base */,
			);
			name = Main.storyboard;
			sourceTree = "<group>";
		};
		D54C89811BAD9527007AEB7E /* LaunchScreen.storyboard */ = {
			isa = PBXVariantGroup;
			children = (
				D54C89821BAD9527007AEB7E /* Base */,
			);
			name = LaunchScreen.storyboard;
			sourceTree = "<group>";
		};
/* End PBXVariantGroup section */

/* Begin XCBuildConfiguration section */
		D54C899B1BAD9527007AEB7E /* Debug */ = {
			isa = XCBuildConfiguration;
			buildSettings = {
				ALWAYS_SEARCH_USER_PATHS = NO;
				CLANG_CXX_LANGUAGE_STANDARD = "gnu++0x";
				CLANG_CXX_LIBRARY = "libc++";
				CLANG_ENABLE_MODULES = YES;
				CLANG_ENABLE_OBJC_ARC = YES;
				CLANG_WARN_BOOL_CONVERSION = YES;
				CLANG_WARN_CONSTANT_CONVERSION = YES;
				CLANG_WARN_DIRECT_OBJC_ISA_USAGE = YES_ERROR;
				CLANG_WARN_EMPTY_BODY = YES;
				CLANG_WARN_ENUM_CONVERSION = YES;
				CLANG_WARN_INT_CONVERSION = YES;
				CLANG_WARN_OBJC_ROOT_CLASS = YES_ERROR;
				CLANG_WARN_UNREACHABLE_CODE = YES;
				CLANG_WARN__DUPLICATE_METHOD_MATCH = YES;
				"CODE_SIGN_IDENTITY[sdk=iphoneos*]" = "iPhone Developer";
				COPY_PHASE_STRIP = NO;
				DEBUG_INFORMATION_FORMAT = dwarf;
				ENABLE_STRICT_OBJC_MSGSEND = YES;
				ENABLE_TESTABILITY = YES;
				GCC_C_LANGUAGE_STANDARD = gnu99;
				GCC_DYNAMIC_NO_PIC = NO;
				GCC_NO_COMMON_BLOCKS = YES;
				GCC_OPTIMIZATION_LEVEL = 0;
				GCC_PREPROCESSOR_DEFINITIONS = (
					"DEBUG=1",
					"$(inherited)",
				);
				GCC_WARN_64_TO_32_BIT_CONVERSION = YES;
				GCC_WARN_ABOUT_RETURN_TYPE = YES_ERROR;
				GCC_WARN_UNDECLARED_SELECTOR = YES;
				GCC_WARN_UNINITIALIZED_AUTOS = YES_AGGRESSIVE;
				GCC_WARN_UNUSED_FUNCTION = YES;
				GCC_WARN_UNUSED_VARIABLE = YES;
				IPHONEOS_DEPLOYMENT_TARGET = 9.0;
				MTL_ENABLE_DEBUG_INFO = YES;
				ONLY_ACTIVE_ARCH = YES;
				SDKROOT = iphoneos;
				SWIFT_OPTIMIZATION_LEVEL = "-Onone";
			};
			name = Debug;
		};
		D54C899C1BAD9527007AEB7E /* Release */ = {
			isa = XCBuildConfiguration;
			buildSettings = {
				ALWAYS_SEARCH_USER_PATHS = NO;
				CLANG_CXX_LANGUAGE_STANDARD = "gnu++0x";
				CLANG_CXX_LIBRARY = "libc++";
				CLANG_ENABLE_MODULES = YES;
				CLANG_ENABLE_OBJC_ARC = YES;
				CLANG_WARN_BOOL_CONVERSION = YES;
				CLANG_WARN_CONSTANT_CONVERSION = YES;
				CLANG_WARN_DIRECT_OBJC_ISA_USAGE = YES_ERROR;
				CLANG_WARN_EMPTY_BODY = YES;
				CLANG_WARN_ENUM_CONVERSION = YES;
				CLANG_WARN_INT_CONVERSION = YES;
				CLANG_WARN_OBJC_ROOT_CLASS = YES_ERROR;
				CLANG_WARN_UNREACHABLE_CODE = YES;
				CLANG_WARN__DUPLICATE_METHOD_MATCH = YES;
				"CODE_SIGN_IDENTITY[sdk=iphoneos*]" = "iPhone Developer";
				COPY_PHASE_STRIP = NO;
				DEBUG_INFORMATION_FORMAT = "dwarf-with-dsym";
				ENABLE_NS_ASSERTIONS = NO;
				ENABLE_STRICT_OBJC_MSGSEND = YES;
				GCC_C_LANGUAGE_STANDARD = gnu99;
				GCC_NO_COMMON_BLOCKS = YES;
				GCC_WARN_64_TO_32_BIT_CONVERSION = YES;
				GCC_WARN_ABOUT_RETURN_TYPE = YES_ERROR;
				GCC_WARN_UNDECLARED_SELECTOR = YES;
				GCC_WARN_UNINITIALIZED_AUTOS = YES_AGGRESSIVE;
				GCC_WARN_UNUSED_FUNCTION = YES;
				GCC_WARN_UNUSED_VARIABLE = YES;
				IPHONEOS_DEPLOYMENT_TARGET = 9.0;
				MTL_ENABLE_DEBUG_INFO = NO;
				SDKROOT = iphoneos;
				VALIDATE_PRODUCT = YES;
			};
			name = Release;
		};
		D54C899E1BAD9527007AEB7E /* Debug */ = {
			isa = XCBuildConfiguration;
			buildSettings = {
				ASSETCATALOG_COMPILER_APPICON_NAME = AppIcon;
				INFOPLIST_FILE = Deckstravaganza/Info.plist;
				LD_RUNPATH_SEARCH_PATHS = "$(inherited) @executable_path/Frameworks";
				PRODUCT_BUNDLE_IDENTIFIER = edu.ufl.Deckstravaganza;
				PRODUCT_NAME = "$(TARGET_NAME)";
			};
			name = Debug;
		};
		D54C899F1BAD9527007AEB7E /* Release */ = {
			isa = XCBuildConfiguration;
			buildSettings = {
				ASSETCATALOG_COMPILER_APPICON_NAME = AppIcon;
				INFOPLIST_FILE = Deckstravaganza/Info.plist;
				LD_RUNPATH_SEARCH_PATHS = "$(inherited) @executable_path/Frameworks";
				PRODUCT_BUNDLE_IDENTIFIER = edu.ufl.Deckstravaganza;
				PRODUCT_NAME = "$(TARGET_NAME)";
			};
			name = Release;
		};
		D54C89A11BAD9527007AEB7E /* Debug */ = {
			isa = XCBuildConfiguration;
			buildSettings = {
				BUNDLE_LOADER = "$(TEST_HOST)";
				INFOPLIST_FILE = DeckstravaganzaTests/Info.plist;
				LD_RUNPATH_SEARCH_PATHS = "$(inherited) @executable_path/Frameworks @loader_path/Frameworks";
				PRODUCT_BUNDLE_IDENTIFIER = edu.ufl.DeckstravaganzaTests;
				PRODUCT_NAME = "$(TARGET_NAME)";
				TEST_HOST = "$(BUILT_PRODUCTS_DIR)/Deckstravaganza.app/Deckstravaganza";
			};
			name = Debug;
		};
		D54C89A21BAD9527007AEB7E /* Release */ = {
			isa = XCBuildConfiguration;
			buildSettings = {
				BUNDLE_LOADER = "$(TEST_HOST)";
				INFOPLIST_FILE = DeckstravaganzaTests/Info.plist;
				LD_RUNPATH_SEARCH_PATHS = "$(inherited) @executable_path/Frameworks @loader_path/Frameworks";
				PRODUCT_BUNDLE_IDENTIFIER = edu.ufl.DeckstravaganzaTests;
				PRODUCT_NAME = "$(TARGET_NAME)";
				TEST_HOST = "$(BUILT_PRODUCTS_DIR)/Deckstravaganza.app/Deckstravaganza";
			};
			name = Release;
		};
		D54C89A41BAD9527007AEB7E /* Debug */ = {
			isa = XCBuildConfiguration;
			buildSettings = {
				INFOPLIST_FILE = DeckstravaganzaUITests/Info.plist;
				LD_RUNPATH_SEARCH_PATHS = "$(inherited) @executable_path/Frameworks @loader_path/Frameworks";
				PRODUCT_BUNDLE_IDENTIFIER = edu.ufl.DeckstravaganzaUITests;
				PRODUCT_NAME = "$(TARGET_NAME)";
				TEST_TARGET_NAME = Deckstravaganza;
				USES_XCTRUNNER = YES;
			};
			name = Debug;
		};
		D54C89A51BAD9527007AEB7E /* Release */ = {
			isa = XCBuildConfiguration;
			buildSettings = {
				INFOPLIST_FILE = DeckstravaganzaUITests/Info.plist;
				LD_RUNPATH_SEARCH_PATHS = "$(inherited) @executable_path/Frameworks @loader_path/Frameworks";
				PRODUCT_BUNDLE_IDENTIFIER = edu.ufl.DeckstravaganzaUITests;
				PRODUCT_NAME = "$(TARGET_NAME)";
				TEST_TARGET_NAME = Deckstravaganza;
				USES_XCTRUNNER = YES;
			};
			name = Release;
		};
/* End XCBuildConfiguration section */

/* Begin XCConfigurationList section */
		D54C89701BAD9527007AEB7E /* Build configuration list for PBXProject "Deckstravaganza" */ = {
			isa = XCConfigurationList;
			buildConfigurations = (
				D54C899B1BAD9527007AEB7E /* Debug */,
				D54C899C1BAD9527007AEB7E /* Release */,
			);
			defaultConfigurationIsVisible = 0;
			defaultConfigurationName = Release;
		};
		D54C899D1BAD9527007AEB7E /* Build configuration list for PBXNativeTarget "Deckstravaganza" */ = {
			isa = XCConfigurationList;
			buildConfigurations = (
				D54C899E1BAD9527007AEB7E /* Debug */,
				D54C899F1BAD9527007AEB7E /* Release */,
			);
			defaultConfigurationIsVisible = 0;
			defaultConfigurationName = Release;
		};
		D54C89A01BAD9527007AEB7E /* Build configuration list for PBXNativeTarget "DeckstravaganzaTests" */ = {
			isa = XCConfigurationList;
			buildConfigurations = (
				D54C89A11BAD9527007AEB7E /* Debug */,
				D54C89A21BAD9527007AEB7E /* Release */,
			);
			defaultConfigurationIsVisible = 0;
			defaultConfigurationName = Release;
		};
		D54C89A31BAD9527007AEB7E /* Build configuration list for PBXNativeTarget "DeckstravaganzaUITests" */ = {
			isa = XCConfigurationList;
			buildConfigurations = (
				D54C89A41BAD9527007AEB7E /* Debug */,
				D54C89A51BAD9527007AEB7E /* Release */,
			);
			defaultConfigurationIsVisible = 0;
			defaultConfigurationName = Release;
		};
/* End XCConfigurationList section */
	};
	rootObject = D54C896D1BAD9526007AEB7E /* Project object */;
}
